
Microsoft Visual Studio Solution File, Format Version 12.00
# Visual Studio Version 17
VisualStudioVersion = 17.9.34607.119
MinimumVisualStudioVersion = 10.0.40219.1
Project("{2150E333-8FDC-42A3-9474-1A3956D46DE8}") = "Chapter01", "Chapter01", "{2C9D05D5-3B1E-4C6D-94D3-B4840BECE318}"
EndProject
Project("{FAE04EC0-301F-11D3-BF4B-00C04F79EFBC}") = "ProductSample", "ProductSample\ProductSample.csproj", "{9A6AC6F7-CDA8-4CA4-94AA-F5576FFD22DE}"
EndProject
Project("{FAE04EC0-301F-11D3-BF4B-00C04F79EFBC}") = "Sample_p38", "Chapter01\Sample_p38\Sample_p38.csproj", "{6E1EB8C3-94D0-4F6A-86AB-68CFAFECC539}"
EndProject
Project("{2150E333-8FDC-42A3-9474-1A3956D46DE8}") = "Chapter02", "Chapter02", "{F361E8EB-6120-489A-8023-F2B259DDA13F}"
EndProject
Project("{2150E333-8FDC-42A3-9474-1A3956D46DE8}") = "距離換算プログラム", "距離換算プログラム", "{C32ABD5C-B91E-4D10-80A2-E2FAA3A0BD84}"
EndProject
Project("{FAE04EC0-301F-11D3-BF4B-00C04F79EFBC}") = "DistanceConverter", "Chapter02\DistanceConverter\DistanceConverter.csproj", "{4D95D509-AADF-4F85-ABFF-07E6643F04BC}"
EndProject
Project("{2150E333-8FDC-42A3-9474-1A3956D46DE8}") = "売り上げ集計プログラム", "売り上げ集計プログラム", "{AC57F7CA-8885-441A-8332-349959F814CC}"
EndProject
Project("{FAE04EC0-301F-11D3-BF4B-00C04F79EFBC}") = "SalesCounter", "Chapter02\SalesCounter\SalesCounter.csproj", "{83E498F3-1CBD-498B-BAF7-A4EDF5954334}"
EndProject
Project("{2150E333-8FDC-42A3-9474-1A3956D46DE8}") = "#演習問題", "#演習問題", "{DF4EE1DD-C532-4520-851B-55FC6A2A5C42}"
EndProject
Project("{FAE04EC0-301F-11D3-BF4B-00C04F79EFBC}") = "Exercise1", "Chapter02\演習問題\Exercise1\Exercise1.csproj", "{49448482-0E4E-43F1-A55E-9AF828E10A9F}"
EndProject
Project("{FAE04EC0-301F-11D3-BF4B-00C04F79EFBC}") = "Exercise2", "Chapter02\演習問題\Exercise2\Exercise2.csproj", "{E37F8C40-B340-4A76-9200-016021F9B2A1}"
EndProject
Project("{2150E333-8FDC-42A3-9474-1A3956D46DE8}") = "FormApps", "FormApps", "{D4C24424-070D-495F-9FAA-EC7D4B6E9525}"
EndProject
Project("{9A19103F-16F7-4668-BE54-9A1E7A4F7556}") = "BallApp", "FormApps\BallApp\BallApp.csproj", "{C0734C36-0DC1-4941-A9CC-48AD4A611D8C}"
EndProject
Project("{2150E333-8FDC-42A3-9474-1A3956D46DE8}") = "Chapter03", "Chapter03", "{6F4DB6B8-20ED-4B04-911E-7EC3791DC0EF}"
EndProject
Project("{FAE04EC0-301F-11D3-BF4B-00C04F79EFBC}") = "Section01", "Chapter03\Section01\Section01.csproj", "{762188A8-807B-4B37-B995-1CCE2775C19A}"
EndProject
Project("{2150E333-8FDC-42A3-9474-1A3956D46DE8}") = "演習問題", "演習問題", "{022BBF17-4825-4171-B5F9-23757D92C780}"
EndProject
Project("{FAE04EC0-301F-11D3-BF4B-00C04F79EFBC}") = "exercise01", "Chapter03\演習問題\exercise01\exercise01.csproj", "{8E683CF1-60AC-47D4-AB18-BAB6AF436161}"
EndProject
Project("{FAE04EC0-301F-11D3-BF4B-00C04F79EFBC}") = "exercise02", "Chapter03\演習問題\exercise02\exercise02\exercise02.csproj", "{370E53A8-6E96-4679-8DFC-213ED51DADAD}"
EndProject
Global
	GlobalSection(SolutionConfigurationPlatforms) = preSolution
		Debug|Any CPU = Debug|Any CPU
		Release|Any CPU = Release|Any CPU
	EndGlobalSection
	GlobalSection(ProjectConfigurationPlatforms) = postSolution
		{9A6AC6F7-CDA8-4CA4-94AA-F5576FFD22DE}.Debug|Any CPU.ActiveCfg = Debug|Any CPU
		{9A6AC6F7-CDA8-4CA4-94AA-F5576FFD22DE}.Debug|Any CPU.Build.0 = Debug|Any CPU
		{9A6AC6F7-CDA8-4CA4-94AA-F5576FFD22DE}.Release|Any CPU.ActiveCfg = Release|Any CPU
		{9A6AC6F7-CDA8-4CA4-94AA-F5576FFD22DE}.Release|Any CPU.Build.0 = Release|Any CPU
		{6E1EB8C3-94D0-4F6A-86AB-68CFAFECC539}.Debug|Any CPU.ActiveCfg = Debug|Any CPU
		{6E1EB8C3-94D0-4F6A-86AB-68CFAFECC539}.Debug|Any CPU.Build.0 = Debug|Any CPU
		{6E1EB8C3-94D0-4F6A-86AB-68CFAFECC539}.Release|Any CPU.ActiveCfg = Release|Any CPU
		{6E1EB8C3-94D0-4F6A-86AB-68CFAFECC539}.Release|Any CPU.Build.0 = Release|Any CPU
		{4D95D509-AADF-4F85-ABFF-07E6643F04BC}.Debug|Any CPU.ActiveCfg = Debug|Any CPU
		{4D95D509-AADF-4F85-ABFF-07E6643F04BC}.Debug|Any CPU.Build.0 = Debug|Any CPU
		{4D95D509-AADF-4F85-ABFF-07E6643F04BC}.Release|Any CPU.ActiveCfg = Release|Any CPU
		{4D95D509-AADF-4F85-ABFF-07E6643F04BC}.Release|Any CPU.Build.0 = Release|Any CPU
		{83E498F3-1CBD-498B-BAF7-A4EDF5954334}.Debug|Any CPU.ActiveCfg = Debug|Any CPU
		{83E498F3-1CBD-498B-BAF7-A4EDF5954334}.Debug|Any CPU.Build.0 = Debug|Any CPU
		{83E498F3-1CBD-498B-BAF7-A4EDF5954334}.Release|Any CPU.ActiveCfg = Release|Any CPU
		{83E498F3-1CBD-498B-BAF7-A4EDF5954334}.Release|Any CPU.Build.0 = Release|Any CPU
		{49448482-0E4E-43F1-A55E-9AF828E10A9F}.Debug|Any CPU.ActiveCfg = Debug|Any CPU
		{49448482-0E4E-43F1-A55E-9AF828E10A9F}.Debug|Any CPU.Build.0 = Debug|Any CPU
		{49448482-0E4E-43F1-A55E-9AF828E10A9F}.Release|Any CPU.ActiveCfg = Release|Any CPU
		{49448482-0E4E-43F1-A55E-9AF828E10A9F}.Release|Any CPU.Build.0 = Release|Any CPU
		{E37F8C40-B340-4A76-9200-016021F9B2A1}.Debug|Any CPU.ActiveCfg = Debug|Any CPU
		{E37F8C40-B340-4A76-9200-016021F9B2A1}.Debug|Any CPU.Build.0 = Debug|Any CPU
		{E37F8C40-B340-4A76-9200-016021F9B2A1}.Release|Any CPU.ActiveCfg = Release|Any CPU
		{E37F8C40-B340-4A76-9200-016021F9B2A1}.Release|Any CPU.Build.0 = Release|Any CPU
		{C0734C36-0DC1-4941-A9CC-48AD4A611D8C}.Debug|Any CPU.ActiveCfg = Debug|Any CPU
		{C0734C36-0DC1-4941-A9CC-48AD4A611D8C}.Debug|Any CPU.Build.0 = Debug|Any CPU
		{C0734C36-0DC1-4941-A9CC-48AD4A611D8C}.Release|Any CPU.ActiveCfg = Release|Any CPU
		{C0734C36-0DC1-4941-A9CC-48AD4A611D8C}.Release|Any CPU.Build.0 = Release|Any CPU
		{762188A8-807B-4B37-B995-1CCE2775C19A}.Debug|Any CPU.ActiveCfg = Debug|Any CPU
		{762188A8-807B-4B37-B995-1CCE2775C19A}.Debug|Any CPU.Build.0 = Debug|Any CPU
		{762188A8-807B-4B37-B995-1CCE2775C19A}.Release|Any CPU.ActiveCfg = Release|Any CPU
		{762188A8-807B-4B37-B995-1CCE2775C19A}.Release|Any CPU.Build.0 = Release|Any CPU
		{8E683CF1-60AC-47D4-AB18-BAB6AF436161}.Debug|Any CPU.ActiveCfg = Debug|Any CPU
		{8E683CF1-60AC-47D4-AB18-BAB6AF436161}.Debug|Any CPU.Build.0 = Debug|Any CPU
		{8E683CF1-60AC-47D4-AB18-BAB6AF436161}.Release|Any CPU.ActiveCfg = Release|Any CPU
		{8E683CF1-60AC-47D4-AB18-BAB6AF436161}.Release|Any CPU.Build.0 = Release|Any CPU
		{370E53A8-6E96-4679-8DFC-213ED51DADAD}.Debug|Any CPU.ActiveCfg = Debug|Any CPU
		{370E53A8-6E96-4679-8DFC-213ED51DADAD}.Debug|Any CPU.Build.0 = Debug|Any CPU
		{370E53A8-6E96-4679-8DFC-213ED51DADAD}.Release|Any CPU.ActiveCfg = Release|Any CPU
		{370E53A8-6E96-4679-8DFC-213ED51DADAD}.Release|Any CPU.Build.0 = Release|Any CPU
	EndGlobalSection
	GlobalSection(SolutionProperties) = preSolution
		HideSolutionNode = FALSE
	EndGlobalSection
	GlobalSection(NestedProjects) = preSolution
		{9A6AC6F7-CDA8-4CA4-94AA-F5576FFD22DE} = {2C9D05D5-3B1E-4C6D-94D3-B4840BECE318}
		{6E1EB8C3-94D0-4F6A-86AB-68CFAFECC539} = {2C9D05D5-3B1E-4C6D-94D3-B4840BECE318}
		{C32ABD5C-B91E-4D10-80A2-E2FAA3A0BD84} = {F361E8EB-6120-489A-8023-F2B259DDA13F}
		{4D95D509-AADF-4F85-ABFF-07E6643F04BC} = {C32ABD5C-B91E-4D10-80A2-E2FAA3A0BD84}
		{AC57F7CA-8885-441A-8332-349959F814CC} = {F361E8EB-6120-489A-8023-F2B259DDA13F}
		{83E498F3-1CBD-498B-BAF7-A4EDF5954334} = {AC57F7CA-8885-441A-8332-349959F814CC}
		{DF4EE1DD-C532-4520-851B-55FC6A2A5C42} = {F361E8EB-6120-489A-8023-F2B259DDA13F}
		{49448482-0E4E-43F1-A55E-9AF828E10A9F} = {DF4EE1DD-C532-4520-851B-55FC6A2A5C42}
		{E37F8C40-B340-4A76-9200-016021F9B2A1} = {DF4EE1DD-C532-4520-851B-55FC6A2A5C42}
		{C0734C36-0DC1-4941-A9CC-48AD4A611D8C} = {D4C24424-070D-495F-9FAA-EC7D4B6E9525}
		{762188A8-807B-4B37-B995-1CCE2775C19A} = {6F4DB6B8-20ED-4B04-911E-7EC3791DC0EF}
		{022BBF17-4825-4171-B5F9-23757D92C780} = {6F4DB6B8-20ED-4B04-911E-7EC3791DC0EF}
		{8E683CF1-60AC-47D4-AB18-BAB6AF436161} = {022BBF17-4825-4171-B5F9-23757D92C780}
		{370E53A8-6E96-4679-8DFC-213ED51DADAD} = {022BBF17-4825-4171-B5F9-23757D92C780}
	EndGlobalSection
	GlobalSection(ExtensibilityGlobals) = postSolution
		SolutionGuid = {6E642E11-9E0F-4535-A625-831BB4E72670}
	EndGlobalSection
EndGlobal
