
Microsoft Visual Studio Solution File, Format Version 12.00
# Visual Studio Version 17
VisualStudioVersion = 17.9.34607.119
MinimumVisualStudioVersion = 10.0.40219.1
Project("{2150E333-8FDC-42A3-9474-1A3956D46DE8}") = "Chapter01", "Chapter01", "{2C9D05D5-3B1E-4C6D-94D3-B4840BECE318}"
EndProject
Project("{FAE04EC0-301F-11D3-BF4B-00C04F79EFBC}") = "ProductSample", "ProductSample\ProductSample.csproj", "{9A6AC6F7-CDA8-4CA4-94AA-F5576FFD22DE}"
EndProject
Project("{FAE04EC0-301F-11D3-BF4B-00C04F79EFBC}") = "Sample_p38", "Chapter01\Sample_p38\Sample_p38.csproj", "{6E1EB8C3-94D0-4F6A-86AB-68CFAFECC539}"
EndProject
Project("{2150E333-8FDC-42A3-9474-1A3956D46DE8}") = "Chapter02", "Chapter02", "{F361E8EB-6120-489A-8023-F2B259DDA13F}"
EndProject
Project("{2150E333-8FDC-42A3-9474-1A3956D46DE8}") = "距離換算プログラム", "距離換算プログラム", "{C32ABD5C-B91E-4D10-80A2-E2FAA3A0BD84}"
EndProject
Project("{FAE04EC0-301F-11D3-BF4B-00C04F79EFBC}") = "DistanceConverter", "Chapter02\DistanceConverter\DistanceConverter.csproj", "{4D95D509-AADF-4F85-ABFF-07E6643F04BC}"
EndProject
Project("{2150E333-8FDC-42A3-9474-1A3956D46DE8}") = "売り上げ集計プログラム", "売り上げ集計プログラム", "{AC57F7CA-8885-441A-8332-349959F814CC}"
EndProject
Project("{FAE04EC0-301F-11D3-BF4B-00C04F79EFBC}") = "SalesCounter", "Chapter02\SalesCounter\SalesCounter.csproj", "{83E498F3-1CBD-498B-BAF7-A4EDF5954334}"
EndProject
Project("{2150E333-8FDC-42A3-9474-1A3956D46DE8}") = "#演習問題", "#演習問題", "{DF4EE1DD-C532-4520-851B-55FC6A2A5C42}"
EndProject
Project("{FAE04EC0-301F-11D3-BF4B-00C04F79EFBC}") = "Exercise1", "Chapter02\演習問題\Exercise1\Exercise1.csproj", "{49448482-0E4E-43F1-A55E-9AF828E10A9F}"
EndProject
Project("{FAE04EC0-301F-11D3-BF4B-00C04F79EFBC}") = "Exercise2", "Chapter02\演習問題\Exercise2\Exercise2.csproj", "{E37F8C40-B340-4A76-9200-016021F9B2A1}"
EndProject
Project("{2150E333-8FDC-42A3-9474-1A3956D46DE8}") = "FormApps", "FormApps", "{D4C24424-070D-495F-9FAA-EC7D4B6E9525}"
EndProject
Project("{2150E333-8FDC-42A3-9474-1A3956D46DE8}") = "Chapter03", "Chapter03", "{6F4DB6B8-20ED-4B04-911E-7EC3791DC0EF}"
EndProject
Project("{FAE04EC0-301F-11D3-BF4B-00C04F79EFBC}") = "Section01", "Chapter03\Section01\Section01.csproj", "{762188A8-807B-4B37-B995-1CCE2775C19A}"
EndProject
Project("{2150E333-8FDC-42A3-9474-1A3956D46DE8}") = "演習問題", "演習問題", "{022BBF17-4825-4171-B5F9-23757D92C780}"
EndProject
Project("{FAE04EC0-301F-11D3-BF4B-00C04F79EFBC}") = "exercise01", "Chapter03\演習問題\exercise01\exercise01.csproj", "{8E683CF1-60AC-47D4-AB18-BAB6AF436161}"
EndProject
Project("{FAE04EC0-301F-11D3-BF4B-00C04F79EFBC}") = "exercise02", "Chapter03\演習問題\exercise02\exercise02\exercise02.csproj", "{370E53A8-6E96-4679-8DFC-213ED51DADAD}"
EndProject
Project("{9A19103F-16F7-4668-BE54-9A1E7A4F7556}") = "BallApp", "FormApps\BallApp\BallApp\BallApp\BallApp.csproj", "{FBF1BE7B-B307-4180-8CA1-3EEE14BD7934}"
EndProject
Project("{2150E333-8FDC-42A3-9474-1A3956D46DE8}") = "Chapter04", "Chapter04", "{9B5126A1-E7E1-44D8-B21B-B795F324A716}"
EndProject
Project("{FAE04EC0-301F-11D3-BF4B-00C04F79EFBC}") = "Section01", "Chapter04\Section01\Section01.csproj", "{DA91065F-B0F2-4551-AF6D-22DB2205E5CE}"
EndProject
Project("{2150E333-8FDC-42A3-9474-1A3956D46DE8}") = "演習問題", "演習問題", "{1605A09B-C657-4EFA-9E77-CBCBE7CCED0C}"
EndProject
Project("{FAE04EC0-301F-11D3-BF4B-00C04F79EFBC}") = "Exercise01", "Chapter04\演習問題\Exercise01\Exercise01.csproj", "{1E7D21C6-0628-458D-8607-8F3862E143AE}"
EndProject
Project("{FAE04EC0-301F-11D3-BF4B-00C04F79EFBC}") = "Exercise02", "Chapter04\演習問題\Exercise02\Exercise02.csproj", "{EFBFFE64-85DC-4DF3-A295-ACA87CE20001}"
EndProject
Project("{2150E333-8FDC-42A3-9474-1A3956D46DE8}") = "Chapter05", "Chapter05", "{25EAA495-354E-49AA-81B9-BF4EE1B924E1}"
EndProject
Project("{2150E333-8FDC-42A3-9474-1A3956D46DE8}") = "演習問題", "演習問題", "{63FA9745-A513-400A-A98F-CAA1E5D518D6}"
EndProject
Project("{FAE04EC0-301F-11D3-BF4B-00C04F79EFBC}") = "Exercise01", "Chapter05\演習問題\Exercise01\Exercise01.csproj", "{6BFCEB46-6DFE-46CF-95C3-C1771511F614}"
EndProject
Project("{FAE04EC0-301F-11D3-BF4B-00C04F79EFBC}") = "Exercise02", "Chapter05\演習問題\Exercise02\Exercise02.csproj", "{89A11409-4946-4415-9BF9-68A1AF026BB6}"
EndProject
Project("{FAE04EC0-301F-11D3-BF4B-00C04F79EFBC}") = "Exercise03", "Chapter05\演習問題\Exercise03\Exercise03.csproj", "{61FBE6E9-C2FB-498E-9F56-73211FB4A9F9}"
EndProject
Project("{FAE04EC0-301F-11D3-BF4B-00C04F79EFBC}") = "Exercise04", "Chapter05\演習問題\Exercise04\Exercise04\Exercise04.csproj", "{E46C4592-0810-4955-A060-1801505DCE90}"
EndProject
Project("{2150E333-8FDC-42A3-9474-1A3956D46DE8}") = "Chapter06", "Chapter06", "{2E00AFF4-B3E8-458C-8B27-12DDB1BF654E}"
EndProject
Project("{FAE04EC0-301F-11D3-BF4B-00C04F79EFBC}") = "Section01", "Chapter06\Section\Section01.csproj", "{6AF19546-F6C2-4AE1-BC93-35B3AB23C13F}"
EndProject
Project("{2150E333-8FDC-42A3-9474-1A3956D46DE8}") = "演習問題", "演習問題", "{2F9BB844-7327-4F91-83E2-3C39E85D6F3E}"
EndProject
Project("{FAE04EC0-301F-11D3-BF4B-00C04F79EFBC}") = "Exercise01", "Chapter06\演習問題\Exercise01\Exercise01.csproj", "{E989DAA4-70DA-4B02-9BBE-5607F8A393AA}"
EndProject
Project("{FAE04EC0-301F-11D3-BF4B-00C04F79EFBC}") = "Exercise02", "Chapter06\演習問題\Exercise02\Exercise02.csproj", "{707A05C0-4366-43CC-AC4C-E519E006E38F}"
EndProject
Project("{2150E333-8FDC-42A3-9474-1A3956D46DE8}") = "Chapter07", "Chapter07", "{B753840E-C43B-4DC1-BDD0-D285FB75F1B2}"
EndProject
Project("{FAE04EC0-301F-11D3-BF4B-00C04F79EFBC}") = "Section01", "Chapter07\Section01\Section01.csproj", "{33DA345F-1395-4AA7-B44F-279570A58924}"
EndProject
Project("{FAE04EC0-301F-11D3-BF4B-00C04F79EFBC}") = "Section02", "Chapter07\Section02\Section02.csproj", "{FFC0746D-7950-4790-944E-607F6E821751}"
EndProject
Project("{2150E333-8FDC-42A3-9474-1A3956D46DE8}") = "Test2406", "Test2406", "{C49EA5D6-B426-4057-B485-2891C6A9819D}"
EndProject
Project("{FAE04EC0-301F-11D3-BF4B-00C04F79EFBC}") = "Test01", "TestProject\Test01\Test01.csproj", "{2BFACDC3-F44D-4199-8498-F5C3C4AC0335}"
EndProject
Project("{FAE04EC0-301F-11D3-BF4B-00C04F79EFBC}") = "Test02", "TestProject\Test02\Test02.csproj", "{E461C0A8-8900-485C-B520-E929BA33F712}"
EndProject
Project("{FAE04EC0-301F-11D3-BF4B-00C04F79EFBC}") = "Section03", "Chapter07\Section03\Section03.csproj", "{EF99739F-736D-4A88-9004-B12231FE00C9}"
EndProject
Project("{FAE04EC0-301F-11D3-BF4B-00C04F79EFBC}") = "Section04", "Chapter07\Section04\Section04.csproj", "{28053CED-D527-4E7D-9D0D-5BEA3E1A400D}"
EndProject
Project("{2150E333-8FDC-42A3-9474-1A3956D46DE8}") = "Chapter08", "Chapter08", "{C9E4E1F2-1968-4E31-9DAF-BA01BD50D7BA}"
EndProject
Project("{FAE04EC0-301F-11D3-BF4B-00C04F79EFBC}") = "Section01", "Chapter08\Section01\Section01.csproj", "{7635C7D1-F441-4278-AADA-BE28A278FFD7}"
EndProject
Project("{9A19103F-16F7-4668-BE54-9A1E7A4F7556}") = "DateTimeApp", "FormApps\DateTimeApp\DateTimeApp.csproj", "{FDED84D2-67CB-462C-A288-F3C90B3B7738}"
EndProject
Project("{2150E333-8FDC-42A3-9474-1A3956D46DE8}") = "演習問題", "演習問題", "{3C172ED8-EB3E-4768-90C8-115104A42939}"
EndProject
Project("{9A19103F-16F7-4668-BE54-9A1E7A4F7556}") = "Exercise01", "Chapter08\演習問題\Exercise01\Exercise01.csproj", "{0F16B77B-50EE-4770-A146-D6857C6B295E}"
EndProject
Project("{9A19103F-16F7-4668-BE54-9A1E7A4F7556}") = "CarReportSystem", "FormApps\CarReportSystem\CarReportSystem.csproj", "{BB208103-D0F5-4391-B205-913C6F53538B}"
EndProject
Project("{2150E333-8FDC-42A3-9474-1A3956D46DE8}") = "Test2407", "Test2407", "{8FCDFD6B-C107-4B2D-B561-E8127B8D8C0A}"
EndProject
Project("{FAE04EC0-301F-11D3-BF4B-00C04F79EFBC}") = "Test01", "TestProject\Test01_01\Test01.csproj", "{505959BA-5E37-40AD-9E1F-D168E366D106}"
EndProject
Project("{FAE04EC0-301F-11D3-BF4B-00C04F79EFBC}") = "Test02", "TestProject\Test02_01\Test02.csproj", "{9629460F-6875-4F78-AFFB-A5FD0F63E783}"
EndProject
Project("{2150E333-8FDC-42A3-9474-1A3956D46DE8}") = "Chapter11", "Chapter11", "{45FF179C-E815-4A2A-B4F5-24CD7FF87499}"
EndProject
Project("{FAE04EC0-301F-11D3-BF4B-00C04F79EFBC}") = "Section01", "Chapter11\Section01\Section01.csproj", "{BF3E48B9-0B46-4A65-BF9A-4911EA047F53}"
EndProject
Project("{2150E333-8FDC-42A3-9474-1A3956D46DE8}") = "演習問題", "演習問題", "{86C27458-50F5-469E-BA78-078C393257BA}"
EndProject
Project("{FAE04EC0-301F-11D3-BF4B-00C04F79EFBC}") = "Exercise01", "Chapter11\演習問題\Exercise01\Exercise01.csproj", "{1637ACA8-CF46-4646-9610-B2BC9B023F2B}"
EndProject
Project("{FAE04EC0-301F-11D3-BF4B-00C04F79EFBC}") = "Section02", "Chapter11\Section02\Section02\Section02.csproj", "{0CCF15CC-4595-401B-9A67-9AA342487FA2}"
EndProject
Project("{2150E333-8FDC-42A3-9474-1A3956D46DE8}") = "Chapter12", "Chapter12", "{C5A34626-80E1-4351-884F-AE10996CF0FE}"
EndProject
Project("{FAE04EC0-301F-11D3-BF4B-00C04F79EFBC}") = "Secction01", "Chapter12\Secction01\Secction01.csproj", "{4C2462E9-BB0C-4D6F-98DE-1CF4383EF283}"
EndProject
Project("{2150E333-8FDC-42A3-9474-1A3956D46DE8}") = "演習問題", "演習問題", "{2EE0B204-8008-4ECA-BE82-14522C08A4F2}"
EndProject
Project("{FAE04EC0-301F-11D3-BF4B-00C04F79EFBC}") = "Exercise", "Chapter12\演習問題\Exercise\Exercise.csproj", "{FD1E756D-A9F7-4809-8FAD-F40C6135EB5A}"
EndProject
Project("{FAE04EC0-301F-11D3-BF4B-00C04F79EFBC}") = "Section02", "Chapter12\Section02\Section02.csproj", "{36590008-9035-4678-8A5C-036D0F799FD6}"
EndProject
Project("{FAE04EC0-301F-11D3-BF4B-00C04F79EFBC}") = "RSSReader", "FormApps\RSSReader\RSSReader.csproj", "{45261EB5-A78C-4129-A202-C08FDEDF2E0D}"
EndProject
Project("{2150E333-8FDC-42A3-9474-1A3956D46DE8}") = "Chapter13", "Chapter13", "{8C74BC7A-A91C-4E06-9B58-B026AFB529B0}"
EndProject
Project("{FAE04EC0-301F-11D3-BF4B-00C04F79EFBC}") = "SampleEntityFramework", "Chapter13\SampleEntityFramework\SampleEntityFramework.csproj", "{1777E403-68FC-4DF1-85A3-1832C77EE2D7}"
EndProject
Project("{FAE04EC0-301F-11D3-BF4B-00C04F79EFBC}") = "ADOSample", "FormApps\ADOSample\ADOSample.csproj", "{1AC2C43C-0908-43EF-BDE5-FC3E50B78B91}"
EndProject
Project("{2150E333-8FDC-42A3-9474-1A3956D46DE8}") = "Chapter15", "Chapter15", "{75E1E139-4924-4952-9DA1-54B1996C4C88}"
EndProject
Project("{FAE04EC0-301F-11D3-BF4B-00C04F79EFBC}") = "Section01", "Chapter15\Section01\Section01.csproj", "{C039535D-4F83-467E-AC80-6094763BFCE1}"
EndProject
Project("{FAE04EC0-301F-11D3-BF4B-00C04F79EFBC}") = "Exercise01", "Chapter15\演習問題\Exercise01\Exercise01.csproj", "{EE7D0A29-366D-45CF-BA1C-EC3893591004}"
EndProject
Project("{2150E333-8FDC-42A3-9474-1A3956D46DE8}") = "Chapter16", "Chapter16", "{F90E6413-39D9-4BA4-A981-743546CF2B45}"
EndProject
Project("{FAE04EC0-301F-11D3-BF4B-00C04F79EFBC}") = "Section03", "Chapter16\Section03\Section03.csproj", "{70FD3008-663E-4A8C-838D-F2CB1919B8B2}"
EndProject
Project("{FAE04EC0-301F-11D3-BF4B-00C04F79EFBC}") = "Section04", "Chapter16\Section04\Section04.csproj", "{A262AFB2-CBA3-45E5-AA5F-E873A529FE7F}"
EndProject
Global
	GlobalSection(SolutionConfigurationPlatforms) = preSolution
		Debug|Any CPU = Debug|Any CPU
		Release|Any CPU = Release|Any CPU
	EndGlobalSection
	GlobalSection(ProjectConfigurationPlatforms) = postSolution
		{9A6AC6F7-CDA8-4CA4-94AA-F5576FFD22DE}.Debug|Any CPU.ActiveCfg = Debug|Any CPU
		{9A6AC6F7-CDA8-4CA4-94AA-F5576FFD22DE}.Debug|Any CPU.Build.0 = Debug|Any CPU
		{9A6AC6F7-CDA8-4CA4-94AA-F5576FFD22DE}.Release|Any CPU.ActiveCfg = Release|Any CPU
		{9A6AC6F7-CDA8-4CA4-94AA-F5576FFD22DE}.Release|Any CPU.Build.0 = Release|Any CPU
		{6E1EB8C3-94D0-4F6A-86AB-68CFAFECC539}.Debug|Any CPU.ActiveCfg = Debug|Any CPU
		{6E1EB8C3-94D0-4F6A-86AB-68CFAFECC539}.Debug|Any CPU.Build.0 = Debug|Any CPU
		{6E1EB8C3-94D0-4F6A-86AB-68CFAFECC539}.Release|Any CPU.ActiveCfg = Release|Any CPU
		{6E1EB8C3-94D0-4F6A-86AB-68CFAFECC539}.Release|Any CPU.Build.0 = Release|Any CPU
		{4D95D509-AADF-4F85-ABFF-07E6643F04BC}.Debug|Any CPU.ActiveCfg = Debug|Any CPU
		{4D95D509-AADF-4F85-ABFF-07E6643F04BC}.Debug|Any CPU.Build.0 = Debug|Any CPU
		{4D95D509-AADF-4F85-ABFF-07E6643F04BC}.Release|Any CPU.ActiveCfg = Release|Any CPU
		{4D95D509-AADF-4F85-ABFF-07E6643F04BC}.Release|Any CPU.Build.0 = Release|Any CPU
		{83E498F3-1CBD-498B-BAF7-A4EDF5954334}.Debug|Any CPU.ActiveCfg = Debug|Any CPU
		{83E498F3-1CBD-498B-BAF7-A4EDF5954334}.Debug|Any CPU.Build.0 = Debug|Any CPU
		{83E498F3-1CBD-498B-BAF7-A4EDF5954334}.Release|Any CPU.ActiveCfg = Release|Any CPU
		{83E498F3-1CBD-498B-BAF7-A4EDF5954334}.Release|Any CPU.Build.0 = Release|Any CPU
		{49448482-0E4E-43F1-A55E-9AF828E10A9F}.Debug|Any CPU.ActiveCfg = Debug|Any CPU
		{49448482-0E4E-43F1-A55E-9AF828E10A9F}.Debug|Any CPU.Build.0 = Debug|Any CPU
		{49448482-0E4E-43F1-A55E-9AF828E10A9F}.Release|Any CPU.ActiveCfg = Release|Any CPU
		{49448482-0E4E-43F1-A55E-9AF828E10A9F}.Release|Any CPU.Build.0 = Release|Any CPU
		{E37F8C40-B340-4A76-9200-016021F9B2A1}.Debug|Any CPU.ActiveCfg = Debug|Any CPU
		{E37F8C40-B340-4A76-9200-016021F9B2A1}.Debug|Any CPU.Build.0 = Debug|Any CPU
		{E37F8C40-B340-4A76-9200-016021F9B2A1}.Release|Any CPU.ActiveCfg = Release|Any CPU
		{E37F8C40-B340-4A76-9200-016021F9B2A1}.Release|Any CPU.Build.0 = Release|Any CPU
		{762188A8-807B-4B37-B995-1CCE2775C19A}.Debug|Any CPU.ActiveCfg = Debug|Any CPU
		{762188A8-807B-4B37-B995-1CCE2775C19A}.Debug|Any CPU.Build.0 = Debug|Any CPU
		{762188A8-807B-4B37-B995-1CCE2775C19A}.Release|Any CPU.ActiveCfg = Release|Any CPU
		{762188A8-807B-4B37-B995-1CCE2775C19A}.Release|Any CPU.Build.0 = Release|Any CPU
		{8E683CF1-60AC-47D4-AB18-BAB6AF436161}.Debug|Any CPU.ActiveCfg = Debug|Any CPU
		{8E683CF1-60AC-47D4-AB18-BAB6AF436161}.Debug|Any CPU.Build.0 = Debug|Any CPU
		{8E683CF1-60AC-47D4-AB18-BAB6AF436161}.Release|Any CPU.ActiveCfg = Release|Any CPU
		{8E683CF1-60AC-47D4-AB18-BAB6AF436161}.Release|Any CPU.Build.0 = Release|Any CPU
		{370E53A8-6E96-4679-8DFC-213ED51DADAD}.Debug|Any CPU.ActiveCfg = Debug|Any CPU
		{370E53A8-6E96-4679-8DFC-213ED51DADAD}.Debug|Any CPU.Build.0 = Debug|Any CPU
		{370E53A8-6E96-4679-8DFC-213ED51DADAD}.Release|Any CPU.ActiveCfg = Release|Any CPU
		{370E53A8-6E96-4679-8DFC-213ED51DADAD}.Release|Any CPU.Build.0 = Release|Any CPU
		{FBF1BE7B-B307-4180-8CA1-3EEE14BD7934}.Debug|Any CPU.ActiveCfg = Debug|Any CPU
		{FBF1BE7B-B307-4180-8CA1-3EEE14BD7934}.Debug|Any CPU.Build.0 = Debug|Any CPU
		{FBF1BE7B-B307-4180-8CA1-3EEE14BD7934}.Release|Any CPU.ActiveCfg = Release|Any CPU
		{FBF1BE7B-B307-4180-8CA1-3EEE14BD7934}.Release|Any CPU.Build.0 = Release|Any CPU
		{DA91065F-B0F2-4551-AF6D-22DB2205E5CE}.Debug|Any CPU.ActiveCfg = Debug|Any CPU
		{DA91065F-B0F2-4551-AF6D-22DB2205E5CE}.Debug|Any CPU.Build.0 = Debug|Any CPU
		{DA91065F-B0F2-4551-AF6D-22DB2205E5CE}.Release|Any CPU.ActiveCfg = Release|Any CPU
		{DA91065F-B0F2-4551-AF6D-22DB2205E5CE}.Release|Any CPU.Build.0 = Release|Any CPU
		{1E7D21C6-0628-458D-8607-8F3862E143AE}.Debug|Any CPU.ActiveCfg = Debug|Any CPU
		{1E7D21C6-0628-458D-8607-8F3862E143AE}.Debug|Any CPU.Build.0 = Debug|Any CPU
		{1E7D21C6-0628-458D-8607-8F3862E143AE}.Release|Any CPU.ActiveCfg = Release|Any CPU
		{1E7D21C6-0628-458D-8607-8F3862E143AE}.Release|Any CPU.Build.0 = Release|Any CPU
		{EFBFFE64-85DC-4DF3-A295-ACA87CE20001}.Debug|Any CPU.ActiveCfg = Debug|Any CPU
		{EFBFFE64-85DC-4DF3-A295-ACA87CE20001}.Debug|Any CPU.Build.0 = Debug|Any CPU
		{EFBFFE64-85DC-4DF3-A295-ACA87CE20001}.Release|Any CPU.ActiveCfg = Release|Any CPU
		{EFBFFE64-85DC-4DF3-A295-ACA87CE20001}.Release|Any CPU.Build.0 = Release|Any CPU
		{6BFCEB46-6DFE-46CF-95C3-C1771511F614}.Debug|Any CPU.ActiveCfg = Debug|Any CPU
		{6BFCEB46-6DFE-46CF-95C3-C1771511F614}.Debug|Any CPU.Build.0 = Debug|Any CPU
		{6BFCEB46-6DFE-46CF-95C3-C1771511F614}.Release|Any CPU.ActiveCfg = Release|Any CPU
		{6BFCEB46-6DFE-46CF-95C3-C1771511F614}.Release|Any CPU.Build.0 = Release|Any CPU
		{89A11409-4946-4415-9BF9-68A1AF026BB6}.Debug|Any CPU.ActiveCfg = Debug|Any CPU
		{89A11409-4946-4415-9BF9-68A1AF026BB6}.Debug|Any CPU.Build.0 = Debug|Any CPU
		{89A11409-4946-4415-9BF9-68A1AF026BB6}.Release|Any CPU.ActiveCfg = Release|Any CPU
		{89A11409-4946-4415-9BF9-68A1AF026BB6}.Release|Any CPU.Build.0 = Release|Any CPU
		{61FBE6E9-C2FB-498E-9F56-73211FB4A9F9}.Debug|Any CPU.ActiveCfg = Debug|Any CPU
		{61FBE6E9-C2FB-498E-9F56-73211FB4A9F9}.Debug|Any CPU.Build.0 = Debug|Any CPU
		{61FBE6E9-C2FB-498E-9F56-73211FB4A9F9}.Release|Any CPU.ActiveCfg = Release|Any CPU
		{61FBE6E9-C2FB-498E-9F56-73211FB4A9F9}.Release|Any CPU.Build.0 = Release|Any CPU
		{E46C4592-0810-4955-A060-1801505DCE90}.Debug|Any CPU.ActiveCfg = Debug|Any CPU
		{E46C4592-0810-4955-A060-1801505DCE90}.Debug|Any CPU.Build.0 = Debug|Any CPU
		{E46C4592-0810-4955-A060-1801505DCE90}.Release|Any CPU.ActiveCfg = Release|Any CPU
		{E46C4592-0810-4955-A060-1801505DCE90}.Release|Any CPU.Build.0 = Release|Any CPU
		{6AF19546-F6C2-4AE1-BC93-35B3AB23C13F}.Debug|Any CPU.ActiveCfg = Debug|Any CPU
		{6AF19546-F6C2-4AE1-BC93-35B3AB23C13F}.Debug|Any CPU.Build.0 = Debug|Any CPU
		{6AF19546-F6C2-4AE1-BC93-35B3AB23C13F}.Release|Any CPU.ActiveCfg = Release|Any CPU
		{6AF19546-F6C2-4AE1-BC93-35B3AB23C13F}.Release|Any CPU.Build.0 = Release|Any CPU
		{E989DAA4-70DA-4B02-9BBE-5607F8A393AA}.Debug|Any CPU.ActiveCfg = Debug|Any CPU
		{E989DAA4-70DA-4B02-9BBE-5607F8A393AA}.Debug|Any CPU.Build.0 = Debug|Any CPU
		{E989DAA4-70DA-4B02-9BBE-5607F8A393AA}.Release|Any CPU.ActiveCfg = Release|Any CPU
		{E989DAA4-70DA-4B02-9BBE-5607F8A393AA}.Release|Any CPU.Build.0 = Release|Any CPU
		{707A05C0-4366-43CC-AC4C-E519E006E38F}.Debug|Any CPU.ActiveCfg = Debug|Any CPU
		{707A05C0-4366-43CC-AC4C-E519E006E38F}.Debug|Any CPU.Build.0 = Debug|Any CPU
		{707A05C0-4366-43CC-AC4C-E519E006E38F}.Release|Any CPU.ActiveCfg = Release|Any CPU
		{707A05C0-4366-43CC-AC4C-E519E006E38F}.Release|Any CPU.Build.0 = Release|Any CPU
		{33DA345F-1395-4AA7-B44F-279570A58924}.Debug|Any CPU.ActiveCfg = Debug|Any CPU
		{33DA345F-1395-4AA7-B44F-279570A58924}.Debug|Any CPU.Build.0 = Debug|Any CPU
		{33DA345F-1395-4AA7-B44F-279570A58924}.Release|Any CPU.ActiveCfg = Release|Any CPU
		{33DA345F-1395-4AA7-B44F-279570A58924}.Release|Any CPU.Build.0 = Release|Any CPU
		{FFC0746D-7950-4790-944E-607F6E821751}.Debug|Any CPU.ActiveCfg = Debug|Any CPU
		{FFC0746D-7950-4790-944E-607F6E821751}.Debug|Any CPU.Build.0 = Debug|Any CPU
		{FFC0746D-7950-4790-944E-607F6E821751}.Release|Any CPU.ActiveCfg = Release|Any CPU
		{FFC0746D-7950-4790-944E-607F6E821751}.Release|Any CPU.Build.0 = Release|Any CPU
		{2BFACDC3-F44D-4199-8498-F5C3C4AC0335}.Debug|Any CPU.ActiveCfg = Debug|Any CPU
		{2BFACDC3-F44D-4199-8498-F5C3C4AC0335}.Debug|Any CPU.Build.0 = Debug|Any CPU
		{2BFACDC3-F44D-4199-8498-F5C3C4AC0335}.Release|Any CPU.ActiveCfg = Release|Any CPU
		{2BFACDC3-F44D-4199-8498-F5C3C4AC0335}.Release|Any CPU.Build.0 = Release|Any CPU
		{E461C0A8-8900-485C-B520-E929BA33F712}.Debug|Any CPU.ActiveCfg = Debug|Any CPU
		{E461C0A8-8900-485C-B520-E929BA33F712}.Debug|Any CPU.Build.0 = Debug|Any CPU
		{E461C0A8-8900-485C-B520-E929BA33F712}.Release|Any CPU.ActiveCfg = Release|Any CPU
		{E461C0A8-8900-485C-B520-E929BA33F712}.Release|Any CPU.Build.0 = Release|Any CPU
		{EF99739F-736D-4A88-9004-B12231FE00C9}.Debug|Any CPU.ActiveCfg = Debug|Any CPU
		{EF99739F-736D-4A88-9004-B12231FE00C9}.Debug|Any CPU.Build.0 = Debug|Any CPU
		{EF99739F-736D-4A88-9004-B12231FE00C9}.Release|Any CPU.ActiveCfg = Release|Any CPU
		{EF99739F-736D-4A88-9004-B12231FE00C9}.Release|Any CPU.Build.0 = Release|Any CPU
		{28053CED-D527-4E7D-9D0D-5BEA3E1A400D}.Debug|Any CPU.ActiveCfg = Debug|Any CPU
		{28053CED-D527-4E7D-9D0D-5BEA3E1A400D}.Debug|Any CPU.Build.0 = Debug|Any CPU
		{28053CED-D527-4E7D-9D0D-5BEA3E1A400D}.Release|Any CPU.ActiveCfg = Release|Any CPU
		{28053CED-D527-4E7D-9D0D-5BEA3E1A400D}.Release|Any CPU.Build.0 = Release|Any CPU
		{7635C7D1-F441-4278-AADA-BE28A278FFD7}.Debug|Any CPU.ActiveCfg = Debug|Any CPU
		{7635C7D1-F441-4278-AADA-BE28A278FFD7}.Debug|Any CPU.Build.0 = Debug|Any CPU
		{7635C7D1-F441-4278-AADA-BE28A278FFD7}.Release|Any CPU.ActiveCfg = Release|Any CPU
		{7635C7D1-F441-4278-AADA-BE28A278FFD7}.Release|Any CPU.Build.0 = Release|Any CPU
		{FDED84D2-67CB-462C-A288-F3C90B3B7738}.Debug|Any CPU.ActiveCfg = Debug|Any CPU
		{FDED84D2-67CB-462C-A288-F3C90B3B7738}.Debug|Any CPU.Build.0 = Debug|Any CPU
		{FDED84D2-67CB-462C-A288-F3C90B3B7738}.Release|Any CPU.ActiveCfg = Release|Any CPU
		{FDED84D2-67CB-462C-A288-F3C90B3B7738}.Release|Any CPU.Build.0 = Release|Any CPU
		{0F16B77B-50EE-4770-A146-D6857C6B295E}.Debug|Any CPU.ActiveCfg = Debug|Any CPU
		{0F16B77B-50EE-4770-A146-D6857C6B295E}.Debug|Any CPU.Build.0 = Debug|Any CPU
		{0F16B77B-50EE-4770-A146-D6857C6B295E}.Release|Any CPU.ActiveCfg = Release|Any CPU
		{0F16B77B-50EE-4770-A146-D6857C6B295E}.Release|Any CPU.Build.0 = Release|Any CPU
		{BB208103-D0F5-4391-B205-913C6F53538B}.Debug|Any CPU.ActiveCfg = Debug|Any CPU
		{BB208103-D0F5-4391-B205-913C6F53538B}.Debug|Any CPU.Build.0 = Debug|Any CPU
		{BB208103-D0F5-4391-B205-913C6F53538B}.Release|Any CPU.ActiveCfg = Release|Any CPU
		{BB208103-D0F5-4391-B205-913C6F53538B}.Release|Any CPU.Build.0 = Release|Any CPU
		{505959BA-5E37-40AD-9E1F-D168E366D106}.Debug|Any CPU.ActiveCfg = Debug|Any CPU
		{505959BA-5E37-40AD-9E1F-D168E366D106}.Debug|Any CPU.Build.0 = Debug|Any CPU
		{505959BA-5E37-40AD-9E1F-D168E366D106}.Release|Any CPU.ActiveCfg = Release|Any CPU
		{505959BA-5E37-40AD-9E1F-D168E366D106}.Release|Any CPU.Build.0 = Release|Any CPU
		{9629460F-6875-4F78-AFFB-A5FD0F63E783}.Debug|Any CPU.ActiveCfg = Debug|Any CPU
		{9629460F-6875-4F78-AFFB-A5FD0F63E783}.Debug|Any CPU.Build.0 = Debug|Any CPU
		{9629460F-6875-4F78-AFFB-A5FD0F63E783}.Release|Any CPU.ActiveCfg = Release|Any CPU
		{9629460F-6875-4F78-AFFB-A5FD0F63E783}.Release|Any CPU.Build.0 = Release|Any CPU
		{BF3E48B9-0B46-4A65-BF9A-4911EA047F53}.Debug|Any CPU.ActiveCfg = Debug|Any CPU
		{BF3E48B9-0B46-4A65-BF9A-4911EA047F53}.Debug|Any CPU.Build.0 = Debug|Any CPU
		{BF3E48B9-0B46-4A65-BF9A-4911EA047F53}.Release|Any CPU.ActiveCfg = Release|Any CPU
		{BF3E48B9-0B46-4A65-BF9A-4911EA047F53}.Release|Any CPU.Build.0 = Release|Any CPU
		{1637ACA8-CF46-4646-9610-B2BC9B023F2B}.Debug|Any CPU.ActiveCfg = Debug|Any CPU
		{1637ACA8-CF46-4646-9610-B2BC9B023F2B}.Debug|Any CPU.Build.0 = Debug|Any CPU
		{1637ACA8-CF46-4646-9610-B2BC9B023F2B}.Release|Any CPU.ActiveCfg = Release|Any CPU
		{1637ACA8-CF46-4646-9610-B2BC9B023F2B}.Release|Any CPU.Build.0 = Release|Any CPU
		{0CCF15CC-4595-401B-9A67-9AA342487FA2}.Debug|Any CPU.ActiveCfg = Debug|Any CPU
		{0CCF15CC-4595-401B-9A67-9AA342487FA2}.Debug|Any CPU.Build.0 = Debug|Any CPU
		{0CCF15CC-4595-401B-9A67-9AA342487FA2}.Release|Any CPU.ActiveCfg = Release|Any CPU
		{0CCF15CC-4595-401B-9A67-9AA342487FA2}.Release|Any CPU.Build.0 = Release|Any CPU
		{4C2462E9-BB0C-4D6F-98DE-1CF4383EF283}.Debug|Any CPU.ActiveCfg = Debug|Any CPU
		{4C2462E9-BB0C-4D6F-98DE-1CF4383EF283}.Debug|Any CPU.Build.0 = Debug|Any CPU
		{4C2462E9-BB0C-4D6F-98DE-1CF4383EF283}.Release|Any CPU.ActiveCfg = Release|Any CPU
		{4C2462E9-BB0C-4D6F-98DE-1CF4383EF283}.Release|Any CPU.Build.0 = Release|Any CPU
		{FD1E756D-A9F7-4809-8FAD-F40C6135EB5A}.Debug|Any CPU.ActiveCfg = Debug|Any CPU
		{FD1E756D-A9F7-4809-8FAD-F40C6135EB5A}.Debug|Any CPU.Build.0 = Debug|Any CPU
		{FD1E756D-A9F7-4809-8FAD-F40C6135EB5A}.Release|Any CPU.ActiveCfg = Release|Any CPU
		{FD1E756D-A9F7-4809-8FAD-F40C6135EB5A}.Release|Any CPU.Build.0 = Release|Any CPU
		{36590008-9035-4678-8A5C-036D0F799FD6}.Debug|Any CPU.ActiveCfg = Debug|Any CPU
		{36590008-9035-4678-8A5C-036D0F799FD6}.Debug|Any CPU.Build.0 = Debug|Any CPU
		{36590008-9035-4678-8A5C-036D0F799FD6}.Release|Any CPU.ActiveCfg = Release|Any CPU
		{36590008-9035-4678-8A5C-036D0F799FD6}.Release|Any CPU.Build.0 = Release|Any CPU
		{45261EB5-A78C-4129-A202-C08FDEDF2E0D}.Debug|Any CPU.ActiveCfg = Debug|Any CPU
		{45261EB5-A78C-4129-A202-C08FDEDF2E0D}.Debug|Any CPU.Build.0 = Debug|Any CPU
		{45261EB5-A78C-4129-A202-C08FDEDF2E0D}.Release|Any CPU.ActiveCfg = Release|Any CPU
		{45261EB5-A78C-4129-A202-C08FDEDF2E0D}.Release|Any CPU.Build.0 = Release|Any CPU
		{1777E403-68FC-4DF1-85A3-1832C77EE2D7}.Debug|Any CPU.ActiveCfg = Debug|Any CPU
		{1777E403-68FC-4DF1-85A3-1832C77EE2D7}.Debug|Any CPU.Build.0 = Debug|Any CPU
		{1777E403-68FC-4DF1-85A3-1832C77EE2D7}.Release|Any CPU.ActiveCfg = Release|Any CPU
		{1777E403-68FC-4DF1-85A3-1832C77EE2D7}.Release|Any CPU.Build.0 = Release|Any CPU
		{1AC2C43C-0908-43EF-BDE5-FC3E50B78B91}.Debug|Any CPU.ActiveCfg = Debug|Any CPU
		{1AC2C43C-0908-43EF-BDE5-FC3E50B78B91}.Debug|Any CPU.Build.0 = Debug|Any CPU
		{1AC2C43C-0908-43EF-BDE5-FC3E50B78B91}.Release|Any CPU.ActiveCfg = Release|Any CPU
		{1AC2C43C-0908-43EF-BDE5-FC3E50B78B91}.Release|Any CPU.Build.0 = Release|Any CPU
		{C039535D-4F83-467E-AC80-6094763BFCE1}.Debug|Any CPU.ActiveCfg = Debug|Any CPU
		{C039535D-4F83-467E-AC80-6094763BFCE1}.Debug|Any CPU.Build.0 = Debug|Any CPU
		{C039535D-4F83-467E-AC80-6094763BFCE1}.Release|Any CPU.ActiveCfg = Release|Any CPU
		{C039535D-4F83-467E-AC80-6094763BFCE1}.Release|Any CPU.Build.0 = Release|Any CPU
		{EE7D0A29-366D-45CF-BA1C-EC3893591004}.Debug|Any CPU.ActiveCfg = Debug|Any CPU
		{EE7D0A29-366D-45CF-BA1C-EC3893591004}.Debug|Any CPU.Build.0 = Debug|Any CPU
		{EE7D0A29-366D-45CF-BA1C-EC3893591004}.Release|Any CPU.ActiveCfg = Release|Any CPU
		{EE7D0A29-366D-45CF-BA1C-EC3893591004}.Release|Any CPU.Build.0 = Release|Any CPU
		{70FD3008-663E-4A8C-838D-F2CB1919B8B2}.Debug|Any CPU.ActiveCfg = Debug|Any CPU
		{70FD3008-663E-4A8C-838D-F2CB1919B8B2}.Debug|Any CPU.Build.0 = Debug|Any CPU
		{70FD3008-663E-4A8C-838D-F2CB1919B8B2}.Release|Any CPU.ActiveCfg = Release|Any CPU
		{70FD3008-663E-4A8C-838D-F2CB1919B8B2}.Release|Any CPU.Build.0 = Release|Any CPU
		{A262AFB2-CBA3-45E5-AA5F-E873A529FE7F}.Debug|Any CPU.ActiveCfg = Debug|Any CPU
		{A262AFB2-CBA3-45E5-AA5F-E873A529FE7F}.Debug|Any CPU.Build.0 = Debug|Any CPU
		{A262AFB2-CBA3-45E5-AA5F-E873A529FE7F}.Release|Any CPU.ActiveCfg = Release|Any CPU
		{A262AFB2-CBA3-45E5-AA5F-E873A529FE7F}.Release|Any CPU.Build.0 = Release|Any CPU
	EndGlobalSection
	GlobalSection(SolutionProperties) = preSolution
		HideSolutionNode = FALSE
	EndGlobalSection
	GlobalSection(NestedProjects) = preSolution
		{9A6AC6F7-CDA8-4CA4-94AA-F5576FFD22DE} = {2C9D05D5-3B1E-4C6D-94D3-B4840BECE318}
		{6E1EB8C3-94D0-4F6A-86AB-68CFAFECC539} = {2C9D05D5-3B1E-4C6D-94D3-B4840BECE318}
		{C32ABD5C-B91E-4D10-80A2-E2FAA3A0BD84} = {F361E8EB-6120-489A-8023-F2B259DDA13F}
		{4D95D509-AADF-4F85-ABFF-07E6643F04BC} = {C32ABD5C-B91E-4D10-80A2-E2FAA3A0BD84}
		{AC57F7CA-8885-441A-8332-349959F814CC} = {F361E8EB-6120-489A-8023-F2B259DDA13F}
		{83E498F3-1CBD-498B-BAF7-A4EDF5954334} = {AC57F7CA-8885-441A-8332-349959F814CC}
		{DF4EE1DD-C532-4520-851B-55FC6A2A5C42} = {F361E8EB-6120-489A-8023-F2B259DDA13F}
		{49448482-0E4E-43F1-A55E-9AF828E10A9F} = {DF4EE1DD-C532-4520-851B-55FC6A2A5C42}
		{E37F8C40-B340-4A76-9200-016021F9B2A1} = {DF4EE1DD-C532-4520-851B-55FC6A2A5C42}
		{762188A8-807B-4B37-B995-1CCE2775C19A} = {6F4DB6B8-20ED-4B04-911E-7EC3791DC0EF}
		{022BBF17-4825-4171-B5F9-23757D92C780} = {6F4DB6B8-20ED-4B04-911E-7EC3791DC0EF}
		{8E683CF1-60AC-47D4-AB18-BAB6AF436161} = {022BBF17-4825-4171-B5F9-23757D92C780}
		{370E53A8-6E96-4679-8DFC-213ED51DADAD} = {022BBF17-4825-4171-B5F9-23757D92C780}
		{FBF1BE7B-B307-4180-8CA1-3EEE14BD7934} = {D4C24424-070D-495F-9FAA-EC7D4B6E9525}
		{DA91065F-B0F2-4551-AF6D-22DB2205E5CE} = {9B5126A1-E7E1-44D8-B21B-B795F324A716}
		{1605A09B-C657-4EFA-9E77-CBCBE7CCED0C} = {9B5126A1-E7E1-44D8-B21B-B795F324A716}
		{1E7D21C6-0628-458D-8607-8F3862E143AE} = {1605A09B-C657-4EFA-9E77-CBCBE7CCED0C}
		{EFBFFE64-85DC-4DF3-A295-ACA87CE20001} = {1605A09B-C657-4EFA-9E77-CBCBE7CCED0C}
		{63FA9745-A513-400A-A98F-CAA1E5D518D6} = {25EAA495-354E-49AA-81B9-BF4EE1B924E1}
		{6BFCEB46-6DFE-46CF-95C3-C1771511F614} = {63FA9745-A513-400A-A98F-CAA1E5D518D6}
		{89A11409-4946-4415-9BF9-68A1AF026BB6} = {63FA9745-A513-400A-A98F-CAA1E5D518D6}
		{61FBE6E9-C2FB-498E-9F56-73211FB4A9F9} = {63FA9745-A513-400A-A98F-CAA1E5D518D6}
		{E46C4592-0810-4955-A060-1801505DCE90} = {63FA9745-A513-400A-A98F-CAA1E5D518D6}
		{6AF19546-F6C2-4AE1-BC93-35B3AB23C13F} = {2E00AFF4-B3E8-458C-8B27-12DDB1BF654E}
		{2F9BB844-7327-4F91-83E2-3C39E85D6F3E} = {2E00AFF4-B3E8-458C-8B27-12DDB1BF654E}
		{E989DAA4-70DA-4B02-9BBE-5607F8A393AA} = {2F9BB844-7327-4F91-83E2-3C39E85D6F3E}
		{707A05C0-4366-43CC-AC4C-E519E006E38F} = {2F9BB844-7327-4F91-83E2-3C39E85D6F3E}
		{33DA345F-1395-4AA7-B44F-279570A58924} = {B753840E-C43B-4DC1-BDD0-D285FB75F1B2}
		{FFC0746D-7950-4790-944E-607F6E821751} = {B753840E-C43B-4DC1-BDD0-D285FB75F1B2}
		{2BFACDC3-F44D-4199-8498-F5C3C4AC0335} = {C49EA5D6-B426-4057-B485-2891C6A9819D}
		{E461C0A8-8900-485C-B520-E929BA33F712} = {C49EA5D6-B426-4057-B485-2891C6A9819D}
		{EF99739F-736D-4A88-9004-B12231FE00C9} = {B753840E-C43B-4DC1-BDD0-D285FB75F1B2}
		{28053CED-D527-4E7D-9D0D-5BEA3E1A400D} = {B753840E-C43B-4DC1-BDD0-D285FB75F1B2}
		{7635C7D1-F441-4278-AADA-BE28A278FFD7} = {C9E4E1F2-1968-4E31-9DAF-BA01BD50D7BA}
		{FDED84D2-67CB-462C-A288-F3C90B3B7738} = {D4C24424-070D-495F-9FAA-EC7D4B6E9525}
		{3C172ED8-EB3E-4768-90C8-115104A42939} = {C9E4E1F2-1968-4E31-9DAF-BA01BD50D7BA}
		{0F16B77B-50EE-4770-A146-D6857C6B295E} = {3C172ED8-EB3E-4768-90C8-115104A42939}
		{BB208103-D0F5-4391-B205-913C6F53538B} = {D4C24424-070D-495F-9FAA-EC7D4B6E9525}
		{505959BA-5E37-40AD-9E1F-D168E366D106} = {8FCDFD6B-C107-4B2D-B561-E8127B8D8C0A}
		{9629460F-6875-4F78-AFFB-A5FD0F63E783} = {8FCDFD6B-C107-4B2D-B561-E8127B8D8C0A}
		{BF3E48B9-0B46-4A65-BF9A-4911EA047F53} = {45FF179C-E815-4A2A-B4F5-24CD7FF87499}
		{86C27458-50F5-469E-BA78-078C393257BA} = {45FF179C-E815-4A2A-B4F5-24CD7FF87499}
		{1637ACA8-CF46-4646-9610-B2BC9B023F2B} = {86C27458-50F5-469E-BA78-078C393257BA}
		{0CCF15CC-4595-401B-9A67-9AA342487FA2} = {45FF179C-E815-4A2A-B4F5-24CD7FF87499}
		{4C2462E9-BB0C-4D6F-98DE-1CF4383EF283} = {C5A34626-80E1-4351-884F-AE10996CF0FE}
		{2EE0B204-8008-4ECA-BE82-14522C08A4F2} = {C5A34626-80E1-4351-884F-AE10996CF0FE}
		{FD1E756D-A9F7-4809-8FAD-F40C6135EB5A} = {2EE0B204-8008-4ECA-BE82-14522C08A4F2}
		{36590008-9035-4678-8A5C-036D0F799FD6} = {C5A34626-80E1-4351-884F-AE10996CF0FE}
		{45261EB5-A78C-4129-A202-C08FDEDF2E0D} = {D4C24424-070D-495F-9FAA-EC7D4B6E9525}
		{1777E403-68FC-4DF1-85A3-1832C77EE2D7} = {8C74BC7A-A91C-4E06-9B58-B026AFB529B0}
		{1AC2C43C-0908-43EF-BDE5-FC3E50B78B91} = {D4C24424-070D-495F-9FAA-EC7D4B6E9525}
		{C039535D-4F83-467E-AC80-6094763BFCE1} = {75E1E139-4924-4952-9DA1-54B1996C4C88}
		{EE7D0A29-366D-45CF-BA1C-EC3893591004} = {75E1E139-4924-4952-9DA1-54B1996C4C88}
		{70FD3008-663E-4A8C-838D-F2CB1919B8B2} = {F90E6413-39D9-4BA4-A981-743546CF2B45}
		{A262AFB2-CBA3-45E5-AA5F-E873A529FE7F} = {F90E6413-39D9-4BA4-A981-743546CF2B45}
	EndGlobalSection
	GlobalSection(ExtensibilityGlobals) = postSolution
		SolutionGuid = {6E642E11-9E0F-4535-A625-831BB4E72670}
	EndGlobalSection
EndGlobal
